
Microsoft Visual Studio Solution File, Format Version 12.00
# Visual Studio Version 17
VisualStudioVersion = 17.2.32602.215
MinimumVisualStudioVersion = 10.0.40219.1
Project("{FAE04EC0-301F-11D3-BF4B-00C04F79EFBC}") = "DataValidationMVC", "DataValidationMVC\DataValidationMVC.csproj", "{74792048-0D62-4437-836A-63293CBF0DCF}"
EndProject
Global
	GlobalSection(SolutionConfigurationPlatforms) = preSolution
		Debug|Any CPU = Debug|Any CPU
		Release|Any CPU = Release|Any CPU
	EndGlobalSection
	GlobalSection(ProjectConfigurationPlatforms) = postSolution
		{74792048-0D62-4437-836A-63293CBF0DCF}.Debug|Any CPU.ActiveCfg = Debug|Any CPU
		{74792048-0D62-4437-836A-63293CBF0DCF}.Debug|Any CPU.Build.0 = Debug|Any CPU
		{74792048-0D62-4437-836A-63293CBF0DCF}.Release|Any CPU.ActiveCfg = Release|Any CPU
		{74792048-0D62-4437-836A-63293CBF0DCF}.Release|Any CPU.Build.0 = Release|Any CPU
	EndGlobalSection
	GlobalSection(SolutionProperties) = preSolution
		HideSolutionNode = FALSE
	EndGlobalSection
	GlobalSection(ExtensibilityGlobals) = postSolution
		SolutionGuid = {D6591AD9-3520-4974-BAF8-160C1B667C6D}
	EndGlobalSection
EndGlobal
